
Microsoft Visual Studio Solution File, Format Version 12.00
# Visual Studio Version 17
VisualStudioVersion = 17.0.31919.166
MinimumVisualStudioVersion = 10.0.40219.1
Project("{8BC9CEB8-8B4A-11D0-8D11-00A0C91BC942}") = "MinHook", "MinHook\MinHook.vcxproj", "{607DE5E6-D6F7-4C5B-99B0-924F7383C6B1}"
EndProject
Project("{8BC9CEB8-8B4A-11D0-8D11-00A0C91BC942}") = "MenuBase", "MenuBase\MenuBase.vcxproj", "{28620D33-9BC7-44C3-A131-926615C43092}"
EndProject
Project("{8BC9CEB8-8B4A-11D0-8D11-00A0C91BC942}") = "Injector", "Injector\Injector.vcxproj", "{75894F50-5D95-43FA-B9D5-6FA5485C254A}"
EndProject
Project("{8BC9CEB8-8B4A-11D0-8D11-00A0C91BC942}") = "Logger", "Logger\Logger.vcxproj", "{CDFAE670-4F3F-4034-A74C-60AD67285097}"
EndProject
Global
	GlobalSection(SolutionConfigurationPlatforms) = preSolution
		Debug|x64 = Debug|x64
		Debug|x86 = Debug|x86
		Release|x64 = Release|x64
		Release|x86 = Release|x86
	EndGlobalSection
	GlobalSection(ProjectConfigurationPlatforms) = postSolution
		{607DE5E6-D6F7-4C5B-99B0-924F7383C6B1}.Debug|x64.ActiveCfg = Debug|x64
		{607DE5E6-D6F7-4C5B-99B0-924F7383C6B1}.Debug|x64.Build.0 = Debug|x64
		{607DE5E6-D6F7-4C5B-99B0-924F7383C6B1}.Debug|x86.ActiveCfg = Debug|Win32
		{607DE5E6-D6F7-4C5B-99B0-924F7383C6B1}.Debug|x86.Build.0 = Debug|Win32
		{607DE5E6-D6F7-4C5B-99B0-924F7383C6B1}.Release|x64.ActiveCfg = Release|x64
		{607DE5E6-D6F7-4C5B-99B0-924F7383C6B1}.Release|x64.Build.0 = Release|x64
		{607DE5E6-D6F7-4C5B-99B0-924F7383C6B1}.Release|x86.ActiveCfg = Release|Win32
		{607DE5E6-D6F7-4C5B-99B0-924F7383C6B1}.Release|x86.Build.0 = Release|Win32
		{28620D33-9BC7-44C3-A131-926615C43092}.Debug|x64.ActiveCfg = Debug|x64
		{28620D33-9BC7-44C3-A131-926615C43092}.Debug|x64.Build.0 = Debug|x64
		{28620D33-9BC7-44C3-A131-926615C43092}.Debug|x86.ActiveCfg = Debug|Win32
		{28620D33-9BC7-44C3-A131-926615C43092}.Debug|x86.Build.0 = Debug|Win32
		{28620D33-9BC7-44C3-A131-926615C43092}.Release|x64.ActiveCfg = Release|x64
		{28620D33-9BC7-44C3-A131-926615C43092}.Release|x64.Build.0 = Release|x64
		{28620D33-9BC7-44C3-A131-926615C43092}.Release|x86.ActiveCfg = Release|Win32
		{28620D33-9BC7-44C3-A131-926615C43092}.Release|x86.Build.0 = Release|Win32
		{75894F50-5D95-43FA-B9D5-6FA5485C254A}.Debug|x64.ActiveCfg = Debug|x64
		{75894F50-5D95-43FA-B9D5-6FA5485C254A}.Debug|x64.Build.0 = Debug|x64
		{75894F50-5D95-43FA-B9D5-6FA5485C254A}.Debug|x86.ActiveCfg = Debug|Win32
		{75894F50-5D95-43FA-B9D5-6FA5485C254A}.Debug|x86.Build.0 = Debug|Win32
		{75894F50-5D95-43FA-B9D5-6FA5485C254A}.Release|x64.ActiveCfg = Release|x64
		{75894F50-5D95-43FA-B9D5-6FA5485C254A}.Release|x64.Build.0 = Release|x64
		{75894F50-5D95-43FA-B9D5-6FA5485C254A}.Release|x86.ActiveCfg = Release|Win32
		{75894F50-5D95-43FA-B9D5-6FA5485C254A}.Release|x86.Build.0 = Release|Win32
		{CDFAE670-4F3F-4034-A74C-60AD67285097}.Debug|x64.ActiveCfg = Debug|x64
		{CDFAE670-4F3F-4034-A74C-60AD67285097}.Debug|x64.Build.0 = Debug|x64
		{CDFAE670-4F3F-4034-A74C-60AD67285097}.Debug|x86.ActiveCfg = Debug|Win32
		{CDFAE670-4F3F-4034-A74C-60AD67285097}.Debug|x86.Build.0 = Debug|Win32
		{CDFAE670-4F3F-4034-A74C-60AD67285097}.Release|x64.ActiveCfg = Release|x64
		{CDFAE670-4F3F-4034-A74C-60AD67285097}.Release|x64.Build.0 = Release|x64
		{CDFAE670-4F3F-4034-A74C-60AD67285097}.Release|x86.ActiveCfg = Release|Win32
		{CDFAE670-4F3F-4034-A74C-60AD67285097}.Release|x86.Build.0 = Release|Win32
	EndGlobalSection
	GlobalSection(SolutionProperties) = preSolution
		HideSolutionNode = FALSE
	EndGlobalSection
	GlobalSection(ExtensibilityGlobals) = postSolution
		SolutionGuid = {CFC2C3FC-2C34-459D-A265-81EBFB9FB5FE}
	EndGlobalSection
EndGlobal
